// !$*UTF8*$!
{
	archiveVersion = 1;
	classes = {
	};
	objectVersion = 50;
	objects = {

/* Begin PBXBuildFile section */
		0F009C102257637700CE3135 /* InDownloadViewController.swift in Sources */ = {isa = PBXBuildFile; fileRef = 0F009C0F2257637700CE3135 /* InDownloadViewController.swift */; };
		0F009C122257639100CE3135 /* InDownloadTableViewCell.swift in Sources */ = {isa = PBXBuildFile; fileRef = 0F009C112257639100CE3135 /* InDownloadTableViewCell.swift */; };
		0F009C14225765F300CE3135 /* SavedFileTableViewCell.swift in Sources */ = {isa = PBXBuildFile; fileRef = 0F009C13225765F300CE3135 /* SavedFileTableViewCell.swift */; };
		0F009C162257660A00CE3135 /* SavedFileViewController.swift in Sources */ = {isa = PBXBuildFile; fileRef = 0F009C152257660A00CE3135 /* SavedFileViewController.swift */; };
		0F009C182257716D00CE3135 /* OfflinePlayerViewController.swift in Sources */ = {isa = PBXBuildFile; fileRef = 0F009C172257716D00CE3135 /* OfflinePlayerViewController.swift */; };
		0F14665522565EBB000A6CCD /* DownloadingListViewController.swift in Sources */ = {isa = PBXBuildFile; fileRef = 0F14665422565EBB000A6CCD /* DownloadingListViewController.swift */; };
		0F2670BB2255338700B1EA57 /* AppDelegate.swift in Sources */ = {isa = PBXBuildFile; fileRef = 0F2670BA2255338700B1EA57 /* AppDelegate.swift */; };
		0F2670C02255338700B1EA57 /* Main.storyboard in Resources */ = {isa = PBXBuildFile; fileRef = 0F2670BE2255338700B1EA57 /* Main.storyboard */; };
		0F2670C32255338700B1EA57 /* Downloader.xcdatamodeld in Sources */ = {isa = PBXBuildFile; fileRef = 0F2670C12255338700B1EA57 /* Downloader.xcdatamodeld */; };
		0F2670C52255338800B1EA57 /* Assets.xcassets in Resources */ = {isa = PBXBuildFile; fileRef = 0F2670C42255338800B1EA57 /* Assets.xcassets */; };
		0F2670C82255338800B1EA57 /* LaunchScreen.storyboard in Resources */ = {isa = PBXBuildFile; fileRef = 0F2670C62255338800B1EA57 /* LaunchScreen.storyboard */; };
		0F38592F225CF5C400D2A9FC /* DatabaseUtility.swift in Sources */ = {isa = PBXBuildFile; fileRef = 0F38592D225CF5C300D2A9FC /* DatabaseUtility.swift */; };
		0F385930225CF5C400D2A9FC /* ModelManager_Downloader.swift in Sources */ = {isa = PBXBuildFile; fileRef = 0F38592E225CF5C400D2A9FC /* ModelManager_Downloader.swift */; };
		0F63FA592286E6AD0015EF5D /* Struct.swift in Sources */ = {isa = PBXBuildFile; fileRef = 0F63FA582286E6AD0015EF5D /* Struct.swift */; };
		0F786F222286EB74002F79D2 /* VideoPlayerViewController.swift in Sources */ = {isa = PBXBuildFile; fileRef = 0F786F212286EB74002F79D2 /* VideoPlayerViewController.swift */; };
		0F786F242286F098002F79D2 /* VideoPlayerTableViewCell.swift in Sources */ = {isa = PBXBuildFile; fileRef = 0F786F232286F098002F79D2 /* VideoPlayerTableViewCell.swift */; };
		0F83FFFB225CD1E0003989B6 /* PlaylistsViewController.swift in Sources */ = {isa = PBXBuildFile; fileRef = 0F83FFFA225CD1E0003989B6 /* PlaylistsViewController.swift */; };
		0FA444882289A55D00D96C8E /* PlaylistsSong.db in Resources */ = {isa = PBXBuildFile; fileRef = 0FA444872289A55D00D96C8E /* PlaylistsSong.db */; };
		0FA4448A2289B46B00D96C8E /* PlaylistSongsViewController.swift in Sources */ = {isa = PBXBuildFile; fileRef = 0FA444892289B46B00D96C8E /* PlaylistSongsViewController.swift */; };
		0FA4448C2289B5AB00D96C8E /* PlaylistSongsTableViewCell.swift in Sources */ = {isa = PBXBuildFile; fileRef = 0FA4448B2289B5AB00D96C8E /* PlaylistSongsTableViewCell.swift */; };
		0FA4BC402256492A002F9416 /* NowPlayViewController.swift in Sources */ = {isa = PBXBuildFile; fileRef = 0FA4BC3F2256492A002F9416 /* NowPlayViewController.swift */; };
		0FC7D7A1225CF1F60030280F /* FMResultSet.m in Sources */ = {isa = PBXBuildFile; fileRef = 0FC7D79B225CF1F50030280F /* FMResultSet.m */; };
		0FC7D7A2225CF1F60030280F /* FMDatabase.m in Sources */ = {isa = PBXBuildFile; fileRef = 0FC7D79C225CF1F50030280F /* FMDatabase.m */; };
		0FC7D7A3225CF1F60030280F /* FMDatabaseQueue.m in Sources */ = {isa = PBXBuildFile; fileRef = 0FC7D79E225CF1F60030280F /* FMDatabaseQueue.m */; };
		0FC7D7A4225CF1F60030280F /* FMDatabaseAdditions.m in Sources */ = {isa = PBXBuildFile; fileRef = 0FC7D79F225CF1F60030280F /* FMDatabaseAdditions.m */; };
		0FC7D7A5225CF1F60030280F /* FMDatabasePool.m in Sources */ = {isa = PBXBuildFile; fileRef = 0FC7D7A0225CF1F60030280F /* FMDatabasePool.m */; };
		0FCEDB16225F2EAC003E4793 /* PlaylistNameTableViewCell.swift in Sources */ = {isa = PBXBuildFile; fileRef = 0FCEDB15225F2EAC003E4793 /* PlaylistNameTableViewCell.swift */; };
		46329F3AA650E10FE81BA9CC /* Pods_Downloader.framework in Frameworks */ = {isa = PBXBuildFile; fileRef = A6B21A7A610500C13450F63F /* Pods_Downloader.framework */; };
/* End PBXBuildFile section */

/* Begin PBXFileReference section */
		0F009C0F2257637700CE3135 /* InDownloadViewController.swift */ = {isa = PBXFileReference; lastKnownFileType = sourcecode.swift; path = InDownloadViewController.swift; sourceTree = "<group>"; };
		0F009C112257639100CE3135 /* InDownloadTableViewCell.swift */ = {isa = PBXFileReference; lastKnownFileType = sourcecode.swift; path = InDownloadTableViewCell.swift; sourceTree = "<group>"; };
		0F009C13225765F300CE3135 /* SavedFileTableViewCell.swift */ = {isa = PBXFileReference; lastKnownFileType = sourcecode.swift; path = SavedFileTableViewCell.swift; sourceTree = "<group>"; };
		0F009C152257660A00CE3135 /* SavedFileViewController.swift */ = {isa = PBXFileReference; lastKnownFileType = sourcecode.swift; path = SavedFileViewController.swift; sourceTree = "<group>"; };
		0F009C172257716D00CE3135 /* OfflinePlayerViewController.swift */ = {isa = PBXFileReference; lastKnownFileType = sourcecode.swift; path = OfflinePlayerViewController.swift; sourceTree = "<group>"; };
		0F14665422565EBB000A6CCD /* DownloadingListViewController.swift */ = {isa = PBXFileReference; lastKnownFileType = sourcecode.swift; path = DownloadingListViewController.swift; sourceTree = "<group>"; };
		0F2670B72255338700B1EA57 /* Downloader.app */ = {isa = PBXFileReference; explicitFileType = wrapper.application; includeInIndex = 0; path = Downloader.app; sourceTree = BUILT_PRODUCTS_DIR; };
		0F2670BA2255338700B1EA57 /* AppDelegate.swift */ = {isa = PBXFileReference; lastKnownFileType = sourcecode.swift; path = AppDelegate.swift; sourceTree = "<group>"; };
		0F2670BF2255338700B1EA57 /* Base */ = {isa = PBXFileReference; lastKnownFileType = file.storyboard; name = Base; path = Base.lproj/Main.storyboard; sourceTree = "<group>"; };
		0F2670C22255338700B1EA57 /* Downloader.xcdatamodel */ = {isa = PBXFileReference; lastKnownFileType = wrapper.xcdatamodel; path = Downloader.xcdatamodel; sourceTree = "<group>"; };
		0F2670C42255338800B1EA57 /* Assets.xcassets */ = {isa = PBXFileReference; lastKnownFileType = folder.assetcatalog; path = Assets.xcassets; sourceTree = "<group>"; };
		0F2670C72255338800B1EA57 /* Base */ = {isa = PBXFileReference; lastKnownFileType = file.storyboard; name = Base; path = Base.lproj/LaunchScreen.storyboard; sourceTree = "<group>"; };
		0F2670C92255338900B1EA57 /* Info.plist */ = {isa = PBXFileReference; lastKnownFileType = text.plist.xml; path = Info.plist; sourceTree = "<group>"; };
		0F38592D225CF5C300D2A9FC /* DatabaseUtility.swift */ = {isa = PBXFileReference; fileEncoding = 4; lastKnownFileType = sourcecode.swift; path = DatabaseUtility.swift; sourceTree = "<group>"; };
		0F38592E225CF5C400D2A9FC /* ModelManager_Downloader.swift */ = {isa = PBXFileReference; fileEncoding = 4; lastKnownFileType = sourcecode.swift; path = ModelManager_Downloader.swift; sourceTree = "<group>"; };
		0F63FA582286E6AD0015EF5D /* Struct.swift */ = {isa = PBXFileReference; lastKnownFileType = sourcecode.swift; path = Struct.swift; sourceTree = "<group>"; };
		0F786F212286EB74002F79D2 /* VideoPlayerViewController.swift */ = {isa = PBXFileReference; lastKnownFileType = sourcecode.swift; path = VideoPlayerViewController.swift; sourceTree = "<group>"; };
		0F786F232286F098002F79D2 /* VideoPlayerTableViewCell.swift */ = {isa = PBXFileReference; lastKnownFileType = sourcecode.swift; path = VideoPlayerTableViewCell.swift; sourceTree = "<group>"; };
		0F83FFFA225CD1E0003989B6 /* PlaylistsViewController.swift */ = {isa = PBXFileReference; lastKnownFileType = sourcecode.swift; name = PlaylistsViewController.swift; path = Downloader/ViewControllers/PlaylistsViewController.swift; sourceTree = SOURCE_ROOT; };
		0FA444872289A55D00D96C8E /* PlaylistsSong.db */ = {isa = PBXFileReference; lastKnownFileType = file; path = PlaylistsSong.db; sourceTree = "<group>"; };
		0FA444892289B46B00D96C8E /* PlaylistSongsViewController.swift */ = {isa = PBXFileReference; lastKnownFileType = sourcecode.swift; path = PlaylistSongsViewController.swift; sourceTree = "<group>"; };
		0FA4448B2289B5AB00D96C8E /* PlaylistSongsTableViewCell.swift */ = {isa = PBXFileReference; lastKnownFileType = sourcecode.swift; path = PlaylistSongsTableViewCell.swift; sourceTree = "<group>"; };
		0FA4BC3F2256492A002F9416 /* NowPlayViewController.swift */ = {isa = PBXFileReference; lastKnownFileType = sourcecode.swift; path = NowPlayViewController.swift; sourceTree = "<group>"; };
		0FC7D795225CF1F40030280F /* Downloader-Bridging-Header.h */ = {isa = PBXFileReference; lastKnownFileType = sourcecode.c.h; path = "Downloader-Bridging-Header.h"; sourceTree = "<group>"; };
		0FC7D796225CF1F50030280F /* FMDatabasePool.h */ = {isa = PBXFileReference; fileEncoding = 4; lastKnownFileType = sourcecode.c.h; path = FMDatabasePool.h; sourceTree = "<group>"; };
		0FC7D797225CF1F50030280F /* FMDatabaseQueue.h */ = {isa = PBXFileReference; fileEncoding = 4; lastKnownFileType = sourcecode.c.h; path = FMDatabaseQueue.h; sourceTree = "<group>"; };
		0FC7D798225CF1F50030280F /* FMDB.h */ = {isa = PBXFileReference; fileEncoding = 4; lastKnownFileType = sourcecode.c.h; path = FMDB.h; sourceTree = "<group>"; };
		0FC7D799225CF1F50030280F /* FMResultSet.h */ = {isa = PBXFileReference; fileEncoding = 4; lastKnownFileType = sourcecode.c.h; path = FMResultSet.h; sourceTree = "<group>"; };
		0FC7D79A225CF1F50030280F /* FMDatabaseAdditions.h */ = {isa = PBXFileReference; fileEncoding = 4; lastKnownFileType = sourcecode.c.h; path = FMDatabaseAdditions.h; sourceTree = "<group>"; };
		0FC7D79B225CF1F50030280F /* FMResultSet.m */ = {isa = PBXFileReference; fileEncoding = 4; lastKnownFileType = sourcecode.c.objc; path = FMResultSet.m; sourceTree = "<group>"; };
		0FC7D79C225CF1F50030280F /* FMDatabase.m */ = {isa = PBXFileReference; fileEncoding = 4; lastKnownFileType = sourcecode.c.objc; path = FMDatabase.m; sourceTree = "<group>"; };
		0FC7D79D225CF1F60030280F /* FMDatabase.h */ = {isa = PBXFileReference; fileEncoding = 4; lastKnownFileType = sourcecode.c.h; path = FMDatabase.h; sourceTree = "<group>"; };
		0FC7D79E225CF1F60030280F /* FMDatabaseQueue.m */ = {isa = PBXFileReference; fileEncoding = 4; lastKnownFileType = sourcecode.c.objc; path = FMDatabaseQueue.m; sourceTree = "<group>"; };
		0FC7D79F225CF1F60030280F /* FMDatabaseAdditions.m */ = {isa = PBXFileReference; fileEncoding = 4; lastKnownFileType = sourcecode.c.objc; path = FMDatabaseAdditions.m; sourceTree = "<group>"; };
		0FC7D7A0225CF1F60030280F /* FMDatabasePool.m */ = {isa = PBXFileReference; fileEncoding = 4; lastKnownFileType = sourcecode.c.objc; path = FMDatabasePool.m; sourceTree = "<group>"; };
		0FCEDB15225F2EAC003E4793 /* PlaylistNameTableViewCell.swift */ = {isa = PBXFileReference; lastKnownFileType = sourcecode.swift; path = PlaylistNameTableViewCell.swift; sourceTree = "<group>"; };
		251AC0C56989C85AC56A48AF /* Pods-Downloader.release.xcconfig */ = {isa = PBXFileReference; includeInIndex = 1; lastKnownFileType = text.xcconfig; name = "Pods-Downloader.release.xcconfig"; path = "Target Support Files/Pods-Downloader/Pods-Downloader.release.xcconfig"; sourceTree = "<group>"; };
		7D46E97BE14CB01AB5E7F6E6 /* Pods-Downloader.debug.xcconfig */ = {isa = PBXFileReference; includeInIndex = 1; lastKnownFileType = text.xcconfig; name = "Pods-Downloader.debug.xcconfig"; path = "Target Support Files/Pods-Downloader/Pods-Downloader.debug.xcconfig"; sourceTree = "<group>"; };
		A6B21A7A610500C13450F63F /* Pods_Downloader.framework */ = {isa = PBXFileReference; explicitFileType = wrapper.framework; includeInIndex = 0; path = Pods_Downloader.framework; sourceTree = BUILT_PRODUCTS_DIR; };
/* End PBXFileReference section */

/* Begin PBXFrameworksBuildPhase section */
		0F2670B42255338700B1EA57 /* Frameworks */ = {
			isa = PBXFrameworksBuildPhase;
			buildActionMask = 2147483647;
			files = (
				46329F3AA650E10FE81BA9CC /* Pods_Downloader.framework in Frameworks */,
			);
			runOnlyForDeploymentPostprocessing = 0;
		};
/* End PBXFrameworksBuildPhase section */

/* Begin PBXGroup section */
		0F2670AE2255338700B1EA57 = {
			isa = PBXGroup;
			children = (
				0F2670B92255338700B1EA57 /* Downloader */,
				0F2670B82255338700B1EA57 /* Products */,
				908B27FE6BC66B72ACE22774 /* Pods */,
				4697F13C8119BAE3DF06CCC2 /* Frameworks */,
			);
			sourceTree = "<group>";
		};
		0F2670B82255338700B1EA57 /* Products */ = {
			isa = PBXGroup;
			children = (
				0F2670B72255338700B1EA57 /* Downloader.app */,
			);
			name = Products;
			sourceTree = "<group>";
		};
		0F2670B92255338700B1EA57 /* Downloader */ = {
			isa = PBXGroup;
			children = (
				0FE734AE2258D98500C067D8 /* StoryBoard */,
				0FE734AD2258D97600C067D8 /* TableVIewCell */,
				0FE734AC2258D96000C067D8 /* ViewControllers */,
				0FC7D7A6225CF2050030280F /* Helper */,
				0F385931225CF73300D2A9FC /* Backend */,
				0F2670C42255338800B1EA57 /* Assets.xcassets */,
				0F2670C92255338900B1EA57 /* Info.plist */,
				0FA444872289A55D00D96C8E /* PlaylistsSong.db */,
				0F2670C12255338700B1EA57 /* Downloader.xcdatamodeld */,
				0FC7D795225CF1F40030280F /* Downloader-Bridging-Header.h */,
			);
			path = Downloader;
			sourceTree = "<group>";
		};
		0F385931225CF73300D2A9FC /* Backend */ = {
			isa = PBXGroup;
			children = (
				0F2670BA2255338700B1EA57 /* AppDelegate.swift */,
				0F38592D225CF5C300D2A9FC /* DatabaseUtility.swift */,
				0F38592E225CF5C400D2A9FC /* ModelManager_Downloader.swift */,
				0F63FA582286E6AD0015EF5D /* Struct.swift */,
			);
			path = Backend;
			sourceTree = "<group>";
		};
		0FC7D7A6225CF2050030280F /* Helper */ = {
			isa = PBXGroup;
			children = (
				0FC7D79D225CF1F60030280F /* FMDatabase.h */,
				0FC7D79C225CF1F50030280F /* FMDatabase.m */,
				0FC7D79A225CF1F50030280F /* FMDatabaseAdditions.h */,
				0FC7D79F225CF1F60030280F /* FMDatabaseAdditions.m */,
				0FC7D796225CF1F50030280F /* FMDatabasePool.h */,
				0FC7D7A0225CF1F60030280F /* FMDatabasePool.m */,
				0FC7D797225CF1F50030280F /* FMDatabaseQueue.h */,
				0FC7D79E225CF1F60030280F /* FMDatabaseQueue.m */,
				0FC7D798225CF1F50030280F /* FMDB.h */,
				0FC7D799225CF1F50030280F /* FMResultSet.h */,
				0FC7D79B225CF1F50030280F /* FMResultSet.m */,
			);
			path = Helper;
			sourceTree = "<group>";
		};
		0FE734AC2258D96000C067D8 /* ViewControllers */ = {
			isa = PBXGroup;
			children = (
				0F786F212286EB74002F79D2 /* VideoPlayerViewController.swift */,
				0FA444892289B46B00D96C8E /* PlaylistSongsViewController.swift */,
				0F83FFFA225CD1E0003989B6 /* PlaylistsViewController.swift */,
				0F009C152257660A00CE3135 /* SavedFileViewController.swift */,
				0F009C0F2257637700CE3135 /* InDownloadViewController.swift */,
				0F14665422565EBB000A6CCD /* DownloadingListViewController.swift */,
				0FA4BC3F2256492A002F9416 /* NowPlayViewController.swift */,
				0F009C172257716D00CE3135 /* OfflinePlayerViewController.swift */,
			);
			path = ViewControllers;
			sourceTree = "<group>";
		};
		0FE734AD2258D97600C067D8 /* TableVIewCell */ = {
			isa = PBXGroup;
			children = (
				0FA4448B2289B5AB00D96C8E /* PlaylistSongsTableViewCell.swift */,
				0F786F232286F098002F79D2 /* VideoPlayerTableViewCell.swift */,
				0FCEDB15225F2EAC003E4793 /* PlaylistNameTableViewCell.swift */,
				0F009C13225765F300CE3135 /* SavedFileTableViewCell.swift */,
				0F009C112257639100CE3135 /* InDownloadTableViewCell.swift */,
			);
			path = TableVIewCell;
			sourceTree = "<group>";
		};
		0FE734AE2258D98500C067D8 /* StoryBoard */ = {
			isa = PBXGroup;
			children = (
				0F2670BE2255338700B1EA57 /* Main.storyboard */,
				0F2670C62255338800B1EA57 /* LaunchScreen.storyboard */,
			);
			path = StoryBoard;
			sourceTree = "<group>";
		};
		4697F13C8119BAE3DF06CCC2 /* Frameworks */ = {
			isa = PBXGroup;
			children = (
				A6B21A7A610500C13450F63F /* Pods_Downloader.framework */,
			);
			name = Frameworks;
			sourceTree = "<group>";
		};
		908B27FE6BC66B72ACE22774 /* Pods */ = {
			isa = PBXGroup;
			children = (
				7D46E97BE14CB01AB5E7F6E6 /* Pods-Downloader.debug.xcconfig */,
				251AC0C56989C85AC56A48AF /* Pods-Downloader.release.xcconfig */,
			);
			path = Pods;
			sourceTree = "<group>";
		};
/* End PBXGroup section */

/* Begin PBXNativeTarget section */
		0F2670B62255338700B1EA57 /* Downloader */ = {
			isa = PBXNativeTarget;
			buildConfigurationList = 0F2670CC2255338900B1EA57 /* Build configuration list for PBXNativeTarget "Downloader" */;
			buildPhases = (
				1690AEFE6D658427463720DE /* [CP] Check Pods Manifest.lock */,
				0F2670B32255338700B1EA57 /* Sources */,
				0F2670B42255338700B1EA57 /* Frameworks */,
				0F2670B52255338700B1EA57 /* Resources */,
				3CEE669B258D3AFD07222DD0 /* [CP] Embed Pods Frameworks */,
			);
			buildRules = (
			);
			dependencies = (
			);
			name = Downloader;
			productName = Downloader;
			productReference = 0F2670B72255338700B1EA57 /* Downloader.app */;
			productType = "com.apple.product-type.application";
		};
/* End PBXNativeTarget section */

/* Begin PBXProject section */
		0F2670AF2255338700B1EA57 /* Project object */ = {
			isa = PBXProject;
			attributes = {
				LastSwiftUpdateCheck = 1010;
				LastUpgradeCheck = 1010;
				ORGANIZATIONNAME = iman;
				TargetAttributes = {
					0F2670B62255338700B1EA57 = {
						CreatedOnToolsVersion = 10.1;
						LastSwiftMigration = 1020;
						SystemCapabilities = {
							com.apple.BackgroundModes = {
								enabled = 1;
							};
						};
					};
				};
			};
			buildConfigurationList = 0F2670B22255338700B1EA57 /* Build configuration list for PBXProject "Downloader" */;
			compatibilityVersion = "Xcode 9.3";
			developmentRegion = en;
			hasScannedForEncodings = 0;
			knownRegions = (
				en,
				Base,
			);
			mainGroup = 0F2670AE2255338700B1EA57;
			productRefGroup = 0F2670B82255338700B1EA57 /* Products */;
			projectDirPath = "";
			projectRoot = "";
			targets = (
				0F2670B62255338700B1EA57 /* Downloader */,
			);
		};
/* End PBXProject section */

/* Begin PBXResourcesBuildPhase section */
		0F2670B52255338700B1EA57 /* Resources */ = {
			isa = PBXResourcesBuildPhase;
			buildActionMask = 2147483647;
			files = (
				0FA444882289A55D00D96C8E /* PlaylistsSong.db in Resources */,
				0F2670C82255338800B1EA57 /* LaunchScreen.storyboard in Resources */,
				0F2670C52255338800B1EA57 /* Assets.xcassets in Resources */,
				0F2670C02255338700B1EA57 /* Main.storyboard in Resources */,
			);
			runOnlyForDeploymentPostprocessing = 0;
		};
/* End PBXResourcesBuildPhase section */

/* Begin PBXShellScriptBuildPhase section */
		1690AEFE6D658427463720DE /* [CP] Check Pods Manifest.lock */ = {
			isa = PBXShellScriptBuildPhase;
			buildActionMask = 2147483647;
			files = (
			);
			inputFileListPaths = (
			);
			inputPaths = (
				"${PODS_PODFILE_DIR_PATH}/Podfile.lock",
				"${PODS_ROOT}/Manifest.lock",
			);
			name = "[CP] Check Pods Manifest.lock";
			outputFileListPaths = (
			);
			outputPaths = (
				"$(DERIVED_FILE_DIR)/Pods-Downloader-checkManifestLockResult.txt",
			);
			runOnlyForDeploymentPostprocessing = 0;
			shellPath = /bin/sh;
			shellScript = "diff \"${PODS_PODFILE_DIR_PATH}/Podfile.lock\" \"${PODS_ROOT}/Manifest.lock\" > /dev/null\nif [ $? != 0 ] ; then\n    # print error to STDERR\n    echo \"error: The sandbox is not in sync with the Podfile.lock. Run 'pod install' or update your CocoaPods installation.\" >&2\n    exit 1\nfi\n# This output is used by Xcode 'outputs' to avoid re-running this script phase.\necho \"SUCCESS\" > \"${SCRIPT_OUTPUT_FILE_0}\"\n";
			showEnvVarsInLog = 0;
		};
		3CEE669B258D3AFD07222DD0 /* [CP] Embed Pods Frameworks */ = {
			isa = PBXShellScriptBuildPhase;
			buildActionMask = 2147483647;
			files = (
			);
			inputFileListPaths = (
			);
			inputPaths = (
				"${PODS_ROOT}/Target Support Files/Pods-Downloader/Pods-Downloader-frameworks.sh",
				"${BUILT_PRODUCTS_DIR}/FMDB/FMDB.framework",
			);
			name = "[CP] Embed Pods Frameworks";
			outputFileListPaths = (
			);
			outputPaths = (
				"${TARGET_BUILD_DIR}/${FRAMEWORKS_FOLDER_PATH}/FMDB.framework",
			);
			runOnlyForDeploymentPostprocessing = 0;
			shellPath = /bin/sh;
			shellScript = "\"${PODS_ROOT}/Target Support Files/Pods-Downloader/Pods-Downloader-frameworks.sh\"\n";
			showEnvVarsInLog = 0;
		};
/* End PBXShellScriptBuildPhase section */

/* Begin PBXSourcesBuildPhase section */
		0F2670B32255338700B1EA57 /* Sources */ = {
			isa = PBXSourcesBuildPhase;
			buildActionMask = 2147483647;
			files = (
				0F83FFFB225CD1E0003989B6 /* PlaylistsViewController.swift in Sources */,
				0FA4448C2289B5AB00D96C8E /* PlaylistSongsTableViewCell.swift in Sources */,
				0FA4448A2289B46B00D96C8E /* PlaylistSongsViewController.swift in Sources */,
				0F009C182257716D00CE3135 /* OfflinePlayerViewController.swift in Sources */,
				0F2670C32255338700B1EA57 /* Downloader.xcdatamodeld in Sources */,
				0FC7D7A2225CF1F60030280F /* FMDatabase.m in Sources */,
				0FC7D7A3225CF1F60030280F /* FMDatabaseQueue.m in Sources */,
				0FCEDB16225F2EAC003E4793 /* PlaylistNameTableViewCell.swift in Sources */,
				0FC7D7A4225CF1F60030280F /* FMDatabaseAdditions.m in Sources */,
				0F2670BB2255338700B1EA57 /* AppDelegate.swift in Sources */,
				0F63FA592286E6AD0015EF5D /* Struct.swift in Sources */,
				0F786F242286F098002F79D2 /* VideoPlayerTableViewCell.swift in Sources */,
				0FC7D7A5225CF1F60030280F /* FMDatabasePool.m in Sources */,
				0F009C162257660A00CE3135 /* SavedFileViewController.swift in Sources */,
				0F385930225CF5C400D2A9FC /* ModelManager_Downloader.swift in Sources */,
				0F38592F225CF5C400D2A9FC /* DatabaseUtility.swift in Sources */,
				0FA4BC402256492A002F9416 /* NowPlayViewController.swift in Sources */,
				0F009C102257637700CE3135 /* InDownloadViewController.swift in Sources */,
				0F009C14225765F300CE3135 /* SavedFileTableViewCell.swift in Sources */,
				0FC7D7A1225CF1F60030280F /* FMResultSet.m in Sources */,
				0F786F222286EB74002F79D2 /* VideoPlayerViewController.swift in Sources */,
				0F009C122257639100CE3135 /* InDownloadTableViewCell.swift in Sources */,
				0F14665522565EBB000A6CCD /* DownloadingListViewController.swift in Sources */,
			);
			runOnlyForDeploymentPostprocessing = 0;
		};
/* End PBXSourcesBuildPhase section */

/* Begin PBXVariantGroup section */
		0F2670BE2255338700B1EA57 /* Main.storyboard */ = {
			isa = PBXVariantGroup;
			children = (
				0F2670BF2255338700B1EA57 /* Base */,
			);
			name = Main.storyboard;
			sourceTree = "<group>";
		};
		0F2670C62255338800B1EA57 /* LaunchScreen.storyboard */ = {
			isa = PBXVariantGroup;
			children = (
				0F2670C72255338800B1EA57 /* Base */,
			);
			name = LaunchScreen.storyboard;
			sourceTree = "<group>";
		};
/* End PBXVariantGroup section */

/* Begin XCBuildConfiguration section */
		0F2670CA2255338900B1EA57 /* Debug */ = {
			isa = XCBuildConfiguration;
			buildSettings = {
				ALWAYS_SEARCH_USER_PATHS = NO;
				CLANG_ANALYZER_NONNULL = YES;
				CLANG_ANALYZER_NUMBER_OBJECT_CONVERSION = YES_AGGRESSIVE;
				CLANG_CXX_LANGUAGE_STANDARD = "gnu++14";
				CLANG_CXX_LIBRARY = "libc++";
				CLANG_ENABLE_MODULES = YES;
				CLANG_ENABLE_OBJC_ARC = YES;
				CLANG_ENABLE_OBJC_WEAK = YES;
				CLANG_WARN_BLOCK_CAPTURE_AUTORELEASING = YES;
				CLANG_WARN_BOOL_CONVERSION = YES;
				CLANG_WARN_COMMA = YES;
				CLANG_WARN_CONSTANT_CONVERSION = YES;
				CLANG_WARN_DEPRECATED_OBJC_IMPLEMENTATIONS = YES;
				CLANG_WARN_DIRECT_OBJC_ISA_USAGE = YES_ERROR;
				CLANG_WARN_DOCUMENTATION_COMMENTS = YES;
				CLANG_WARN_EMPTY_BODY = YES;
				CLANG_WARN_ENUM_CONVERSION = YES;
				CLANG_WARN_INFINITE_RECURSION = YES;
				CLANG_WARN_INT_CONVERSION = YES;
				CLANG_WARN_NON_LITERAL_NULL_CONVERSION = YES;
				CLANG_WARN_OBJC_IMPLICIT_RETAIN_SELF = YES;
				CLANG_WARN_OBJC_LITERAL_CONVERSION = YES;
				CLANG_WARN_OBJC_ROOT_CLASS = YES_ERROR;
				CLANG_WARN_RANGE_LOOP_ANALYSIS = YES;
				CLANG_WARN_STRICT_PROTOTYPES = YES;
				CLANG_WARN_SUSPICIOUS_MOVE = YES;
				CLANG_WARN_UNGUARDED_AVAILABILITY = YES_AGGRESSIVE;
				CLANG_WARN_UNREACHABLE_CODE = YES;
				CLANG_WARN__DUPLICATE_METHOD_MATCH = YES;
				CODE_SIGN_IDENTITY = "iPhone Developer";
				COPY_PHASE_STRIP = NO;
				DEBUG_INFORMATION_FORMAT = dwarf;
				ENABLE_STRICT_OBJC_MSGSEND = YES;
				ENABLE_TESTABILITY = YES;
				GCC_C_LANGUAGE_STANDARD = gnu11;
				GCC_DYNAMIC_NO_PIC = NO;
				GCC_NO_COMMON_BLOCKS = YES;
				GCC_OPTIMIZATION_LEVEL = 0;
				GCC_PREPROCESSOR_DEFINITIONS = (
					"DEBUG=1",
					"$(inherited)",
				);
				GCC_WARN_64_TO_32_BIT_CONVERSION = YES;
				GCC_WARN_ABOUT_RETURN_TYPE = YES_ERROR;
				GCC_WARN_UNDECLARED_SELECTOR = YES;
				GCC_WARN_UNINITIALIZED_AUTOS = YES_AGGRESSIVE;
				GCC_WARN_UNUSED_FUNCTION = YES;
				GCC_WARN_UNUSED_VARIABLE = YES;
				IPHONEOS_DEPLOYMENT_TARGET = 12.1;
				MTL_ENABLE_DEBUG_INFO = INCLUDE_SOURCE;
				MTL_FAST_MATH = YES;
				ONLY_ACTIVE_ARCH = YES;
				SDKROOT = iphoneos;
				SWIFT_ACTIVE_COMPILATION_CONDITIONS = DEBUG;
				SWIFT_OPTIMIZATION_LEVEL = "-Onone";
			};
			name = Debug;
		};
		0F2670CB2255338900B1EA57 /* Release */ = {
			isa = XCBuildConfiguration;
			buildSettings = {
				ALWAYS_SEARCH_USER_PATHS = NO;
				CLANG_ANALYZER_NONNULL = YES;
				CLANG_ANALYZER_NUMBER_OBJECT_CONVERSION = YES_AGGRESSIVE;
				CLANG_CXX_LANGUAGE_STANDARD = "gnu++14";
				CLANG_CXX_LIBRARY = "libc++";
				CLANG_ENABLE_MODULES = YES;
				CLANG_ENABLE_OBJC_ARC = YES;
				CLANG_ENABLE_OBJC_WEAK = YES;
				CLANG_WARN_BLOCK_CAPTURE_AUTORELEASING = YES;
				CLANG_WARN_BOOL_CONVERSION = YES;
				CLANG_WARN_COMMA = YES;
				CLANG_WARN_CONSTANT_CONVERSION = YES;
				CLANG_WARN_DEPRECATED_OBJC_IMPLEMENTATIONS = YES;
				CLANG_WARN_DIRECT_OBJC_ISA_USAGE = YES_ERROR;
				CLANG_WARN_DOCUMENTATION_COMMENTS = YES;
				CLANG_WARN_EMPTY_BODY = YES;
				CLANG_WARN_ENUM_CONVERSION = YES;
				CLANG_WARN_INFINITE_RECURSION = YES;
				CLANG_WARN_INT_CONVERSION = YES;
				CLANG_WARN_NON_LITERAL_NULL_CONVERSION = YES;
				CLANG_WARN_OBJC_IMPLICIT_RETAIN_SELF = YES;
				CLANG_WARN_OBJC_LITERAL_CONVERSION = YES;
				CLANG_WARN_OBJC_ROOT_CLASS = YES_ERROR;
				CLANG_WARN_RANGE_LOOP_ANALYSIS = YES;
				CLANG_WARN_STRICT_PROTOTYPES = YES;
				CLANG_WARN_SUSPICIOUS_MOVE = YES;
				CLANG_WARN_UNGUARDED_AVAILABILITY = YES_AGGRESSIVE;
				CLANG_WARN_UNREACHABLE_CODE = YES;
				CLANG_WARN__DUPLICATE_METHOD_MATCH = YES;
				CODE_SIGN_IDENTITY = "iPhone Developer";
				COPY_PHASE_STRIP = NO;
				DEBUG_INFORMATION_FORMAT = "dwarf-with-dsym";
				ENABLE_NS_ASSERTIONS = NO;
				ENABLE_STRICT_OBJC_MSGSEND = YES;
				GCC_C_LANGUAGE_STANDARD = gnu11;
				GCC_NO_COMMON_BLOCKS = YES;
				GCC_WARN_64_TO_32_BIT_CONVERSION = YES;
				GCC_WARN_ABOUT_RETURN_TYPE = YES_ERROR;
				GCC_WARN_UNDECLARED_SELECTOR = YES;
				GCC_WARN_UNINITIALIZED_AUTOS = YES_AGGRESSIVE;
				GCC_WARN_UNUSED_FUNCTION = YES;
				GCC_WARN_UNUSED_VARIABLE = YES;
				IPHONEOS_DEPLOYMENT_TARGET = 12.1;
				MTL_ENABLE_DEBUG_INFO = NO;
				MTL_FAST_MATH = YES;
				SDKROOT = iphoneos;
				SWIFT_COMPILATION_MODE = wholemodule;
				SWIFT_OPTIMIZATION_LEVEL = "-O";
				VALIDATE_PRODUCT = YES;
			};
			name = Release;
		};
		0F2670CD2255338900B1EA57 /* Debug */ = {
			isa = XCBuildConfiguration;
			baseConfigurationReference = 7D46E97BE14CB01AB5E7F6E6 /* Pods-Downloader.debug.xcconfig */;
			buildSettings = {
				ASSETCATALOG_COMPILER_APPICON_NAME = AppIcon;
				CLANG_ENABLE_MODULES = YES;
				CODE_SIGN_STYLE = Automatic;
				DEVELOPMENT_TEAM = 524A38TT7M;
				INFOPLIST_FILE = Downloader/Info.plist;
				LD_RUNPATH_SEARCH_PATHS = (
					"$(inherited)",
					"@executable_path/Frameworks",
				);
				PRODUCT_BUNDLE_IDENTIFIER = com.iman.Downloader;
				PRODUCT_NAME = "$(TARGET_NAME)";
				SWIFT_OBJC_BRIDGING_HEADER = "Downloader/Downloader-Bridging-Header.h";
				SWIFT_OPTIMIZATION_LEVEL = "-Onone";
				SWIFT_VERSION = 4.2;
				TARGETED_DEVICE_FAMILY = "1,2";
			};
			name = Debug;
		};
		0F2670CE2255338900B1EA57 /* Release */ = {
			isa = XCBuildConfiguration;
			baseConfigurationReference = 251AC0C56989C85AC56A48AF /* Pods-Downloader.release.xcconfig */;
			buildSettings = {
				ASSETCATALOG_COMPILER_APPICON_NAME = AppIcon;
				CLANG_ENABLE_MODULES = YES;
				CODE_SIGN_STYLE = Automatic;
				DEVELOPMENT_TEAM = 524A38TT7M;
				INFOPLIST_FILE = Downloader/Info.plist;
				LD_RUNPATH_SEARCH_PATHS = (
					"$(inherited)",
					"@executable_path/Frameworks",
				);
				PRODUCT_BUNDLE_IDENTIFIER = com.iman.Downloader;
				PRODUCT_NAME = "$(TARGET_NAME)";
				SWIFT_OBJC_BRIDGING_HEADER = "Downloader/Downloader-Bridging-Header.h";
				SWIFT_VERSION = 4.2;
				TARGETED_DEVICE_FAMILY = "1,2";
			};
			name = Release;
		};
/* End XCBuildConfiguration section */

/* Begin XCConfigurationList section */
		0F2670B22255338700B1EA57 /* Build configuration list for PBXProject "Downloader" */ = {
			isa = XCConfigurationList;
			buildConfigurations = (
				0F2670CA2255338900B1EA57 /* Debug */,
				0F2670CB2255338900B1EA57 /* Release */,
			);
			defaultConfigurationIsVisible = 0;
			defaultConfigurationName = Release;
		};
		0F2670CC2255338900B1EA57 /* Build configuration list for PBXNativeTarget "Downloader" */ = {
			isa = XCConfigurationList;
			buildConfigurations = (
				0F2670CD2255338900B1EA57 /* Debug */,
				0F2670CE2255338900B1EA57 /* Release */,
			);
			defaultConfigurationIsVisible = 0;
			defaultConfigurationName = Release;
		};
/* End XCConfigurationList section */

/* Begin XCVersionGroup section */
		0F2670C12255338700B1EA57 /* Downloader.xcdatamodeld */ = {
			isa = XCVersionGroup;
			children = (
				0F2670C22255338700B1EA57 /* Downloader.xcdatamodel */,
			);
			currentVersion = 0F2670C22255338700B1EA57 /* Downloader.xcdatamodel */;
			path = Downloader.xcdatamodeld;
			sourceTree = "<group>";
			versionGroupType = wrapper.xcdatamodel;
		};
/* End XCVersionGroup section */
	};
	rootObject = 0F2670AF2255338700B1EA57 /* Project object */;
}
